
Microsoft Visual Studio Solution File, Format Version 11.00
# Visual Studio 2010
Project("{FAE04EC0-301F-11D3-BF4B-00C04F79EFBC}") = "RAProject", "Assembly-CSharp.csproj", "{8213C3A7-07BB-62F7-2D85-A0897ACD14BD}"
EndProject
Project("{FAE04EC0-301F-11D3-BF4B-00C04F79EFBC}") = "RAProject", "Assembly-CSharp-Editor.csproj", "{A109C9B8-225F-BD6A-7DF7-C99F6B19A59B}"
EndProject
Global
	GlobalSection(SolutionConfigurationPlatforms) = preSolution
		Debug|Any CPU = Debug|Any CPU
		Release|Any CPU = Release|Any CPU
	EndGlobalSection
	GlobalSection(ProjectConfigurationPlatforms) = postSolution
		{8213C3A7-07BB-62F7-2D85-A0897ACD14BD}.Debug|Any CPU.ActiveCfg = Debug|Any CPU
		{8213C3A7-07BB-62F7-2D85-A0897ACD14BD}.Debug|Any CPU.Build.0 = Debug|Any CPU
		{8213C3A7-07BB-62F7-2D85-A0897ACD14BD}.Release|Any CPU.ActiveCfg = Release|Any CPU
		{8213C3A7-07BB-62F7-2D85-A0897ACD14BD}.Release|Any CPU.Build.0 = Release|Any CPU
		{A109C9B8-225F-BD6A-7DF7-C99F6B19A59B}.Debug|Any CPU.ActiveCfg = Debug|Any CPU
		{A109C9B8-225F-BD6A-7DF7-C99F6B19A59B}.Debug|Any CPU.Build.0 = Debug|Any CPU
		{A109C9B8-225F-BD6A-7DF7-C99F6B19A59B}.Release|Any CPU.ActiveCfg = Release|Any CPU
		{A109C9B8-225F-BD6A-7DF7-C99F6B19A59B}.Release|Any CPU.Build.0 = Release|Any CPU
	EndGlobalSection
	GlobalSection(SolutionProperties) = preSolution
		HideSolutionNode = FALSE
	EndGlobalSection
	GlobalSection(MonoDevelopProperties) = preSolution
		StartupItem = Assembly-CSharp.csproj
	EndGlobalSection
EndGlobal
